uuid: 0ff40d3c-10a0-449d-b476-9ed944f83345
langcode: en
status: true
dependencies:
  config:
    - views.view.combined_map
  module:
    - context
    - node
    - views
  theme:
    - hdbt_subtheme
id: exposedformcombinedmapblock
theme: hdbt_subtheme
region: search_filters
weight: -16
provider: null
plugin: 'views_exposed_filter_block:combined_map-block'
settings:
  id: 'views_exposed_filter_block:combined_map-block'
  label: ''
  label_display: '0'
  provider: views
  views_label: ''
visibility:
  context_all:
    id: context_all
    negate: null
    values: ''
  context:
    id: context
    negate: null
    values: ''
  user_status:
    id: user_status
    negate: false
    context_mapping:
      user: '@user.current_user_context:current_user'
    user_status:
      viewing_profile: '0'
      logged_viewing_profile: '0'
      own_page_true: '0'
      field_value: '0'
    user_fields: uid
  'entity_bundle:node':
    id: 'entity_bundle:node'
    negate: false
    context_mapping:
      node: '@node.node_route_context:node'
    bundles:
      map_page: map_page
