uuid: 06d01d36-d168-441d-a32d-33cf5cc713c8
langcode: en
status: true
dependencies:
  config:
    - views.view.combined_map
  module:
    - context
    - ctools
    - views
  theme:
    - hdbt_subtheme
id: views_block__combined_map_block
theme: hdbt_subtheme
region: before_content
weight: -11
provider: null
plugin: 'views_block:combined_map-block'
settings:
  id: 'views_block:combined_map-block'
  label: ''
  provider: views
  label_display: '0'
  views_label: ''
  items_per_page: none
visibility:
  context_all:
    id: context_all
    values: ''
    negate: null
  context:
    id: context
    values: ''
    negate: null
  user_status:
    id: user_status
    user_status:
      viewing_profile: '0'
      logged_viewing_profile: '0'
      own_page_true: '0'
      field_value: '0'
    user_fields: uid
    negate: false
    context_mapping:
      user: '@user.current_user_context:current_user'
  'entity_bundle:node':
    id: 'entity_bundle:node'
    bundles:
      map_page: map_page
    negate: false
    context_mapping:
      node: '@node.node_route_context:node'
