uuid: 380e61d3-b514-4660-b9a7-d18fa2d664b1
langcode: en
status: true
dependencies:
  module:
    - context
    - ctools
    - hdbt_content
  theme:
    - hdbt_subtheme
_core:
  default_config_hash: nH8M6u66xNnGzjplyiDZAKKeyzDR6NFyTMXNwDYzldk
id: heroblock
theme: hdbt_subtheme
region: before_content
weight: -12
provider: null
plugin: hero_block
settings:
  id: hero_block
  label: 'Hero block'
  label_display: '0'
  provider: hdbt_content
visibility:
  'entity_bundle:node':
    id: 'entity_bundle:node'
    negate: false
    context_mapping:
      node: '@node.node_route_context:node'
    bundles:
      article: article
      landing_page: landing_page
      page: page
  context_all:
    id: context_all
    negate: null
    values: ''
  context:
    id: context
    negate: null
    values: ''
  user_status:
    id: user_status
    negate: false
    context_mapping:
      user: '@user.current_user_context:current_user'
    user_status:
      viewing_profile: '0'
      logged_viewing_profile: '0'
      own_page_true: '0'
      field_value: '0'
    user_fields: uid
